
Microsoft Visual Studio Solution File, Format Version 12.00
# Visual Studio Version 16
VisualStudioVersion = 16.0.30011.22
MinimumVisualStudioVersion = 10.0.40219.1
Project("{FAE04EC0-301F-11D3-BF4B-00C04F79EFBC}") = "LosReyes.SGA", "LosReyes.SGA.csproj", "{CD68C2E8-B5D7-450A-8DDF-8D42C11E7748}"
EndProject
Global
	GlobalSection(SolutionConfigurationPlatforms) = preSolution
		Debug|Any CPU = Debug|Any CPU
		Release|Any CPU = Release|Any CPU
	EndGlobalSection
	GlobalSection(ProjectConfigurationPlatforms) = postSolution
		{CD68C2E8-B5D7-450A-8DDF-8D42C11E7748}.Debug|Any CPU.ActiveCfg = Debug|Any CPU
		{CD68C2E8-B5D7-450A-8DDF-8D42C11E7748}.Debug|Any CPU.Build.0 = Debug|Any CPU
		{CD68C2E8-B5D7-450A-8DDF-8D42C11E7748}.Release|Any CPU.ActiveCfg = Release|Any CPU
		{CD68C2E8-B5D7-450A-8DDF-8D42C11E7748}.Release|Any CPU.Build.0 = Release|Any CPU
	EndGlobalSection
	GlobalSection(SolutionProperties) = preSolution
		HideSolutionNode = FALSE
	EndGlobalSection
	GlobalSection(ExtensibilityGlobals) = postSolution
		SolutionGuid = {A728AF1E-5220-4F48-BDCF-7CEEC01DE94B}
	EndGlobalSection
EndGlobal
